// !$*UTF8*$!
{
	archiveVersion = 1;
	classes = {
	};
	objectVersion = 46;
	objects = {

/* Begin PBXBuildFile section */
		17628BAF1FA27D06004CA886 /* UIDeviceExtension.swift in Sources */ = {isa = PBXBuildFile; fileRef = 17628BAE1FA27D06004CA886 /* UIDeviceExtension.swift */; };
		17E62EAD2034BCA60092ACF4 /* PhenixSdk.framework in Frameworks */ = {isa = PBXBuildFile; fileRef = 17E62EAC2034BCA60092ACF4 /* PhenixSdk.framework */; };
		17E62EAE2034BCA60092ACF4 /* PhenixSdk.framework in Embed Frameworks */ = {isa = PBXBuildFile; fileRef = 17E62EAC2034BCA60092ACF4 /* PhenixSdk.framework */; settings = {ATTRIBUTES = (CodeSignOnCopy, RemoveHeadersOnCopy, ); }; };
		6613E197112C6E5C323222A0 /* Pods_PCast_Demo.framework in Frameworks */ = {isa = PBXBuildFile; fileRef = 8E13BA171867A3AFC663F0F4 /* Pods_PCast_Demo.framework */; };
		BD1FB94A1E8E78830065AB7B /* roboto_regular.ttf in Resources */ = {isa = PBXBuildFile; fileRef = BD1FB9491E8E78830065AB7B /* roboto_regular.ttf */; };
		BD5788611E2487BA00176A17 /* Utilities.swift in Sources */ = {isa = PBXBuildFile; fileRef = BD5788601E2487BA00176A17 /* Utilities.swift */; };
		BD5788651E2497CE00176A17 /* UIColorExtension.swift in Sources */ = {isa = PBXBuildFile; fileRef = BD5788641E2497CE00176A17 /* UIColorExtension.swift */; };
		BD57886B1E24A2D900176A17 /* Constants.swift in Sources */ = {isa = PBXBuildFile; fileRef = BD57886A1E24A2D900176A17 /* Constants.swift */; };
		BD5EBE221E485F5000689E09 /* SecretUrlPopoverViewController.swift in Sources */ = {isa = PBXBuildFile; fileRef = BD5EBE201E485F5000689E09 /* SecretUrlPopoverViewController.swift */; };
		BD738DDA1E35458A0057AACF /* UIViewExtension.swift in Sources */ = {isa = PBXBuildFile; fileRef = BD738DD91E35458A0057AACF /* UIViewExtension.swift */; };
		BDA6F5641E5D76BF00EAFE48 /* PhenixAssert.swift in Sources */ = {isa = PBXBuildFile; fileRef = BDA6F5631E5D76BF00EAFE48 /* PhenixAssert.swift */; };
		BDAD7EF71DF902D6009B9D46 /* CapabilityPopoverVC.swift in Sources */ = {isa = PBXBuildFile; fileRef = BDAD7EF61DF902D6009B9D46 /* CapabilityPopoverVC.swift */; };
		BDAE4B621E4C5FE50069DB4C /* ServerLocation.swift in Sources */ = {isa = PBXBuildFile; fileRef = BDAE4B611E4C5FE50069DB4C /* ServerLocation.swift */; };
		BDCB42A11E4DAAA00024B6D8 /* UserDefaultsExtension.swift in Sources */ = {isa = PBXBuildFile; fileRef = BDCB42A01E4DAAA00024B6D8 /* UserDefaultsExtension.swift */; };
		BDF201B01E69355F0017A34E /* PulsingAnimation.swift in Sources */ = {isa = PBXBuildFile; fileRef = BDF201AF1E69355F0017A34E /* PulsingAnimation.swift */; };
		ED3CF38E1D640A1900CE9E48 /* Phenix.swift in Sources */ = {isa = PBXBuildFile; fileRef = ED3CF38D1D640A1900CE9E48 /* Phenix.swift */; };
		ED5051FF1D60F4E30072D7F2 /* Backend.swift in Sources */ = {isa = PBXBuildFile; fileRef = ED5051FD1D60F4E30072D7F2 /* Backend.swift */; };
		ED5052001D60F4E30072D7F2 /* Rest.swift in Sources */ = {isa = PBXBuildFile; fileRef = ED5051FE1D60F4E30072D7F2 /* Rest.swift */; };
		ED5052091D60F5860072D7F2 /* AppDelegate.swift in Sources */ = {isa = PBXBuildFile; fileRef = ED5052071D60F5860072D7F2 /* AppDelegate.swift */; };
		ED50520A1D60F5860072D7F2 /* ViewController.swift in Sources */ = {isa = PBXBuildFile; fileRef = ED5052081D60F5860072D7F2 /* ViewController.swift */; };
		ED50520F1D60F5D50072D7F2 /* LaunchScreen.storyboard in Resources */ = {isa = PBXBuildFile; fileRef = ED50520B1D60F5D50072D7F2 /* LaunchScreen.storyboard */; };
		ED5052101D60F5D50072D7F2 /* Main.storyboard in Resources */ = {isa = PBXBuildFile; fileRef = ED50520D1D60F5D50072D7F2 /* Main.storyboard */; };
		ED5052121D60F5E80072D7F2 /* Assets.xcassets in Resources */ = {isa = PBXBuildFile; fileRef = ED5052111D60F5E80072D7F2 /* Assets.xcassets */; };
/* End PBXBuildFile section */

/* Begin PBXCopyFilesBuildPhase section */
		17E62EAB2034BC7B0092ACF4 /* Embed Frameworks */ = {
			isa = PBXCopyFilesBuildPhase;
			buildActionMask = 2147483647;
			dstPath = "";
			dstSubfolderSpec = 10;
			files = (
				17E62EAE2034BCA60092ACF4 /* PhenixSdk.framework in Embed Frameworks */,
			);
			name = "Embed Frameworks";
			runOnlyForDeploymentPostprocessing = 0;
		};
/* End PBXCopyFilesBuildPhase section */

/* Begin PBXFileReference section */
		17628BAE1FA27D06004CA886 /* UIDeviceExtension.swift */ = {isa = PBXFileReference; lastKnownFileType = sourcecode.swift; path = UIDeviceExtension.swift; sourceTree = "<group>"; };
		17C0B25A1FB11A2900D8AA17 /* PhenixSdk.framework */ = {isa = PBXFileReference; lastKnownFileType = wrapper.framework; name = PhenixSdk.framework; path = iOSSDK/lib/PhenixSdk.framework; sourceTree = "<group>"; };
		17E62EAC2034BCA60092ACF4 /* PhenixSdk.framework */ = {isa = PBXFileReference; lastKnownFileType = wrapper.framework; name = PhenixSdk.framework; path = iOSSDK/lib/iPhoneOS/PhenixSdk.framework; sourceTree = "<group>"; };
		6FD9D5B9F3F52C29F44415D0 /* Pods-PCast Demo.release.xcconfig */ = {isa = PBXFileReference; includeInIndex = 1; lastKnownFileType = text.xcconfig; name = "Pods-PCast Demo.release.xcconfig"; path = "Pods/Target Support Files/Pods-PCast Demo/Pods-PCast Demo.release.xcconfig"; sourceTree = "<group>"; };
		8E13BA171867A3AFC663F0F4 /* Pods_PCast_Demo.framework */ = {isa = PBXFileReference; explicitFileType = wrapper.framework; includeInIndex = 0; path = Pods_PCast_Demo.framework; sourceTree = BUILT_PRODUCTS_DIR; };
		A94AAD6FDBDC7970A81115AB /* Pods-PCast Demo.debug.xcconfig */ = {isa = PBXFileReference; includeInIndex = 1; lastKnownFileType = text.xcconfig; name = "Pods-PCast Demo.debug.xcconfig"; path = "Pods/Target Support Files/Pods-PCast Demo/Pods-PCast Demo.debug.xcconfig"; sourceTree = "<group>"; };
		BD1FB9491E8E78830065AB7B /* roboto_regular.ttf */ = {isa = PBXFileReference; lastKnownFileType = file; path = roboto_regular.ttf; sourceTree = SOURCE_ROOT; };
		BD5788601E2487BA00176A17 /* Utilities.swift */ = {isa = PBXFileReference; fileEncoding = 4; lastKnownFileType = sourcecode.swift; path = Utilities.swift; sourceTree = SOURCE_ROOT; };
		BD5788641E2497CE00176A17 /* UIColorExtension.swift */ = {isa = PBXFileReference; fileEncoding = 4; lastKnownFileType = sourcecode.swift; path = UIColorExtension.swift; sourceTree = "<group>"; };
		BD57886A1E24A2D900176A17 /* Constants.swift */ = {isa = PBXFileReference; fileEncoding = 4; lastKnownFileType = sourcecode.swift; lineEnding = 0; name = Constants.swift; path = Extension/Constants.swift; sourceTree = SOURCE_ROOT; xcLanguageSpecificationIdentifier = xcode.lang.swift; };
		BD5EBE201E485F5000689E09 /* SecretUrlPopoverViewController.swift */ = {isa = PBXFileReference; fileEncoding = 4; lastKnownFileType = sourcecode.swift; lineEnding = 0; path = SecretUrlPopoverViewController.swift; sourceTree = SOURCE_ROOT; xcLanguageSpecificationIdentifier = xcode.lang.swift; };
		BD738DD91E35458A0057AACF /* UIViewExtension.swift */ = {isa = PBXFileReference; fileEncoding = 4; lastKnownFileType = sourcecode.swift; path = UIViewExtension.swift; sourceTree = "<group>"; };
		BDA6F5631E5D76BF00EAFE48 /* PhenixAssert.swift */ = {isa = PBXFileReference; fileEncoding = 4; lastKnownFileType = sourcecode.swift; path = PhenixAssert.swift; sourceTree = "<group>"; };
		BDAD7EF61DF902D6009B9D46 /* CapabilityPopoverVC.swift */ = {isa = PBXFileReference; fileEncoding = 4; lastKnownFileType = sourcecode.swift; path = CapabilityPopoverVC.swift; sourceTree = SOURCE_ROOT; };
		BDAE4B611E4C5FE50069DB4C /* ServerLocation.swift */ = {isa = PBXFileReference; fileEncoding = 4; lastKnownFileType = sourcecode.swift; path = ServerLocation.swift; sourceTree = "<group>"; };
		BDCB42A01E4DAAA00024B6D8 /* UserDefaultsExtension.swift */ = {isa = PBXFileReference; fileEncoding = 4; lastKnownFileType = sourcecode.swift; path = UserDefaultsExtension.swift; sourceTree = "<group>"; };
		BDF201AF1E69355F0017A34E /* PulsingAnimation.swift */ = {isa = PBXFileReference; fileEncoding = 4; lastKnownFileType = sourcecode.swift; path = PulsingAnimation.swift; sourceTree = SOURCE_ROOT; };
		ED3CF38C1D64089F00CE9E48 /* Bridging-Header.h */ = {isa = PBXFileReference; lastKnownFileType = sourcecode.c.h; path = "Bridging-Header.h"; sourceTree = SOURCE_ROOT; };
		ED3CF38D1D640A1900CE9E48 /* Phenix.swift */ = {isa = PBXFileReference; fileEncoding = 4; lastKnownFileType = sourcecode.swift; path = Phenix.swift; sourceTree = SOURCE_ROOT; };
		ED5051FD1D60F4E30072D7F2 /* Backend.swift */ = {isa = PBXFileReference; fileEncoding = 4; lastKnownFileType = sourcecode.swift; path = Backend.swift; sourceTree = SOURCE_ROOT; };
		ED5051FE1D60F4E30072D7F2 /* Rest.swift */ = {isa = PBXFileReference; fileEncoding = 4; lastKnownFileType = sourcecode.swift; path = Rest.swift; sourceTree = SOURCE_ROOT; };
		ED5052071D60F5860072D7F2 /* AppDelegate.swift */ = {isa = PBXFileReference; fileEncoding = 4; lastKnownFileType = sourcecode.swift; path = AppDelegate.swift; sourceTree = SOURCE_ROOT; };
		ED5052081D60F5860072D7F2 /* ViewController.swift */ = {isa = PBXFileReference; fileEncoding = 4; lastKnownFileType = sourcecode.swift; path = ViewController.swift; sourceTree = SOURCE_ROOT; };
		ED50520C1D60F5D50072D7F2 /* Base */ = {isa = PBXFileReference; lastKnownFileType = file.storyboard; name = Base; path = Base.lproj/LaunchScreen.storyboard; sourceTree = SOURCE_ROOT; };
		ED50520E1D60F5D50072D7F2 /* Base */ = {isa = PBXFileReference; lastKnownFileType = file.storyboard; name = Base; path = Base.lproj/Main.storyboard; sourceTree = SOURCE_ROOT; };
		ED5052111D60F5E80072D7F2 /* Assets.xcassets */ = {isa = PBXFileReference; lastKnownFileType = folder.assetcatalog; path = Assets.xcassets; sourceTree = SOURCE_ROOT; };
		ED5052131D60F5F80072D7F2 /* Info.plist */ = {isa = PBXFileReference; fileEncoding = 4; lastKnownFileType = text.plist.xml; path = Info.plist; sourceTree = SOURCE_ROOT; };
		EDB9E92D1D5FBC11000837B9 /* PCast Demo.app */ = {isa = PBXFileReference; explicitFileType = wrapper.application; includeInIndex = 0; path = "PCast Demo.app"; sourceTree = BUILT_PRODUCTS_DIR; };
/* End PBXFileReference section */

/* Begin PBXFrameworksBuildPhase section */
		EDB9E92A1D5FBC11000837B9 /* Frameworks */ = {
			isa = PBXFrameworksBuildPhase;
			buildActionMask = 2147483647;
			files = (
				6613E197112C6E5C323222A0 /* Pods_PCast_Demo.framework in Frameworks */,
				17E62EAD2034BCA60092ACF4 /* PhenixSdk.framework in Frameworks */,
			);
			runOnlyForDeploymentPostprocessing = 0;
		};
/* End PBXFrameworksBuildPhase section */

/* Begin PBXGroup section */
		1740B9752034B185001A58FA /* Recovered References */ = {
			isa = PBXGroup;
			children = (
				17C0B25A1FB11A2900D8AA17 /* PhenixSdk.framework */,
			);
			name = "Recovered References";
			sourceTree = "<group>";
		};
		3B66CEEF91F92435E6759339 /* Pods */ = {
			isa = PBXGroup;
			children = (
				A94AAD6FDBDC7970A81115AB /* Pods-PCast Demo.debug.xcconfig */,
				6FD9D5B9F3F52C29F44415D0 /* Pods-PCast Demo.release.xcconfig */,
			);
			name = Pods;
			sourceTree = "<group>";
		};
		BD444F371E8E09E6001D8482 /* Resources */ = {
			isa = PBXGroup;
			children = (
				BD1FB9491E8E78830065AB7B /* roboto_regular.ttf */,
			);
			name = Resources;
			sourceTree = "<group>";
		};
		BD5788631E2497B500176A17 /* Extension */ = {
			isa = PBXGroup;
			children = (
				BD5788641E2497CE00176A17 /* UIColorExtension.swift */,
				BD738DD91E35458A0057AACF /* UIViewExtension.swift */,
				BDCB42A01E4DAAA00024B6D8 /* UserDefaultsExtension.swift */,
				17628BAE1FA27D06004CA886 /* UIDeviceExtension.swift */,
			);
			path = Extension;
			sourceTree = SOURCE_ROOT;
		};
		BDA6F5611E5D6C3000EAFE48 /* Common */ = {
			isa = PBXGroup;
			children = (
				BD5788601E2487BA00176A17 /* Utilities.swift */,
				BDA6F5631E5D76BF00EAFE48 /* PhenixAssert.swift */,
			);
			path = Common;
			sourceTree = SOURCE_ROOT;
		};
		BDAE4B601E4C5FB90069DB4C /* Model */ = {
			isa = PBXGroup;
			children = (
				BDAE4B611E4C5FE50069DB4C /* ServerLocation.swift */,
			);
			path = Model;
			sourceTree = SOURCE_ROOT;
		};
		ED3CF38F1D64128200CE9E48 /* Frameworks */ = {
			isa = PBXGroup;
			children = (
				8E13BA171867A3AFC663F0F4 /* Pods_PCast_Demo.framework */,
			);
			name = Frameworks;
			sourceTree = "<group>";
		};
		EDB9E9241D5FBC11000837B9 = {
			isa = PBXGroup;
			children = (
				17E62EAC2034BCA60092ACF4 /* PhenixSdk.framework */,
				EDB9E92F1D5FBC11000837B9 /* PCastDemo */,
				EDB9E92E1D5FBC11000837B9 /* Products */,
				ED3CF38F1D64128200CE9E48 /* Frameworks */,
				3B66CEEF91F92435E6759339 /* Pods */,
				1740B9752034B185001A58FA /* Recovered References */,
			);
			sourceTree = "<group>";
		};
		EDB9E92E1D5FBC11000837B9 /* Products */ = {
			isa = PBXGroup;
			children = (
				EDB9E92D1D5FBC11000837B9 /* PCast Demo.app */,
			);
			name = Products;
			sourceTree = "<group>";
		};
		EDB9E92F1D5FBC11000837B9 /* PCastDemo */ = {
			isa = PBXGroup;
			children = (
				BD444F371E8E09E6001D8482 /* Resources */,
				BDA6F5611E5D6C3000EAFE48 /* Common */,
				BDAE4B601E4C5FB90069DB4C /* Model */,
				BD5788631E2497B500176A17 /* Extension */,
				BD5EBE201E485F5000689E09 /* SecretUrlPopoverViewController.swift */,
				BDAD7EF61DF902D6009B9D46 /* CapabilityPopoverVC.swift */,
				ED5052071D60F5860072D7F2 /* AppDelegate.swift */,
				ED5052081D60F5860072D7F2 /* ViewController.swift */,
				BDF201AF1E69355F0017A34E /* PulsingAnimation.swift */,
				ED3CF38D1D640A1900CE9E48 /* Phenix.swift */,
				ED5051FD1D60F4E30072D7F2 /* Backend.swift */,
				ED5051FE1D60F4E30072D7F2 /* Rest.swift */,
				BD57886A1E24A2D900176A17 /* Constants.swift */,
				ED50520B1D60F5D50072D7F2 /* LaunchScreen.storyboard */,
				ED50520D1D60F5D50072D7F2 /* Main.storyboard */,
				ED3CF38C1D64089F00CE9E48 /* Bridging-Header.h */,
				ED5052131D60F5F80072D7F2 /* Info.plist */,
				ED5052111D60F5E80072D7F2 /* Assets.xcassets */,
			);
			name = PCastDemo;
			path = "Phenix Demo";
			sourceTree = "<group>";
		};
/* End PBXGroup section */

/* Begin PBXNativeTarget section */
		EDB9E92C1D5FBC11000837B9 /* PCast Demo */ = {
			isa = PBXNativeTarget;
			buildConfigurationList = EDB9E93F1D5FBC11000837B9 /* Build configuration list for PBXNativeTarget "PCast Demo" */;
			buildPhases = (
				B5A7A6025A2251E23E52FDDB /* [CP] Check Pods Manifest.lock */,
				EDB9E9291D5FBC11000837B9 /* Sources */,
				EDB9E92A1D5FBC11000837B9 /* Frameworks */,
				EDB9E92B1D5FBC11000837B9 /* Resources */,
				C8A52D6C8452DCC262378EAE /* [CP] Embed Pods Frameworks */,
				ECE6FD4D21EE047641F68919 /* [CP] Copy Pods Resources */,
				858478C81DC348DE00C1AAFD /* ShellScript */,
				17E62EAB2034BC7B0092ACF4 /* Embed Frameworks */,
			);
			buildRules = (
			);
			dependencies = (
			);
			name = "PCast Demo";
			productName = "Phenix Demo";
			productReference = EDB9E92D1D5FBC11000837B9 /* PCast Demo.app */;
			productType = "com.apple.product-type.application";
		};
/* End PBXNativeTarget section */

/* Begin PBXProject section */
		EDB9E9251D5FBC11000837B9 /* Project object */ = {
			isa = PBXProject;
			attributes = {
				LastSwiftUpdateCheck = 0800;
				LastUpgradeCheck = 0830;
				ORGANIZATIONNAME = Phenix;
				TargetAttributes = {
					EDB9E92C1D5FBC11000837B9 = {
						CreatedOnToolsVersion = 8.0;
						ProvisioningStyle = Manual;
					};
				};
			};
			buildConfigurationList = EDB9E9281D5FBC11000837B9 /* Build configuration list for PBXProject "PCastDemo" */;
			compatibilityVersion = "Xcode 3.2";
			developmentRegion = English;
			hasScannedForEncodings = 0;
			knownRegions = (
				en,
				Base,
			);
			mainGroup = EDB9E9241D5FBC11000837B9;
			productRefGroup = EDB9E92E1D5FBC11000837B9 /* Products */;
			projectDirPath = "";
			projectRoot = "";
			targets = (
				EDB9E92C1D5FBC11000837B9 /* PCast Demo */,
			);
		};
/* End PBXProject section */

/* Begin PBXResourcesBuildPhase section */
		EDB9E92B1D5FBC11000837B9 /* Resources */ = {
			isa = PBXResourcesBuildPhase;
			buildActionMask = 2147483647;
			files = (
				BD1FB94A1E8E78830065AB7B /* roboto_regular.ttf in Resources */,
				ED5052101D60F5D50072D7F2 /* Main.storyboard in Resources */,
				ED5052121D60F5E80072D7F2 /* Assets.xcassets in Resources */,
				ED50520F1D60F5D50072D7F2 /* LaunchScreen.storyboard in Resources */,
			);
			runOnlyForDeploymentPostprocessing = 0;
		};
/* End PBXResourcesBuildPhase section */

/* Begin PBXShellScriptBuildPhase section */
		858478C81DC348DE00C1AAFD /* ShellScript */ = {
			isa = PBXShellScriptBuildPhase;
			buildActionMask = 2147483647;
			files = (
			);
			inputPaths = (
			);
			outputPaths = (
			);
			runOnlyForDeploymentPostprocessing = 0;
			shellPath = /bin/sh;
			shellScript = "\"${PODS_ROOT}/Fabric/run\" f7d4f4fa7819040f81540d0d51106bc32b1bb6eb 9d34c6a910771486d7fc6bfbb1bec8f3b1bec922e0754122b32121430a045682";
		};
		B5A7A6025A2251E23E52FDDB /* [CP] Check Pods Manifest.lock */ = {
			isa = PBXShellScriptBuildPhase;
			buildActionMask = 2147483647;
			files = (
			);
			inputPaths = (
				"${PODS_PODFILE_DIR_PATH}/Podfile.lock",
				"${PODS_ROOT}/Manifest.lock",
			);
			name = "[CP] Check Pods Manifest.lock";
			outputPaths = (
				"$(DERIVED_FILE_DIR)/Pods-PCast Demo-checkManifestLockResult.txt",
			);
			runOnlyForDeploymentPostprocessing = 0;
			shellPath = /bin/sh;
			shellScript = "diff \"${PODS_PODFILE_DIR_PATH}/Podfile.lock\" \"${PODS_ROOT}/Manifest.lock\" > /dev/null\nif [ $? != 0 ] ; then\n    # print error to STDERR\n    echo \"error: The sandbox is not in sync with the Podfile.lock. Run 'pod install' or update your CocoaPods installation.\" >&2\n    exit 1\nfi\n# This output is used by Xcode 'outputs' to avoid re-running this script phase.\necho \"SUCCESS\" > \"${SCRIPT_OUTPUT_FILE_0}\"\n";
			showEnvVarsInLog = 0;
		};
		C8A52D6C8452DCC262378EAE /* [CP] Embed Pods Frameworks */ = {
			isa = PBXShellScriptBuildPhase;
			buildActionMask = 2147483647;
			files = (
			);
			inputPaths = (
				"${SRCROOT}/Pods/Target Support Files/Pods-PCast Demo/Pods-PCast Demo-frameworks.sh",
				"${BUILT_PRODUCTS_DIR}/ReachabilitySwift/ReachabilitySwift.framework",
				"${BUILT_PRODUCTS_DIR}/TPKeyboardAvoiding/TPKeyboardAvoiding.framework",
			);
			name = "[CP] Embed Pods Frameworks";
			outputPaths = (
				"${TARGET_BUILD_DIR}/${FRAMEWORKS_FOLDER_PATH}/ReachabilitySwift.framework",
				"${TARGET_BUILD_DIR}/${FRAMEWORKS_FOLDER_PATH}/TPKeyboardAvoiding.framework",
			);
			runOnlyForDeploymentPostprocessing = 0;
			shellPath = /bin/sh;
			shellScript = "\"${SRCROOT}/Pods/Target Support Files/Pods-PCast Demo/Pods-PCast Demo-frameworks.sh\"\n";
			showEnvVarsInLog = 0;
		};
		ECE6FD4D21EE047641F68919 /* [CP] Copy Pods Resources */ = {
			isa = PBXShellScriptBuildPhase;
			buildActionMask = 2147483647;
			files = (
			);
			inputPaths = (
			);
			name = "[CP] Copy Pods Resources";
			outputPaths = (
			);
			runOnlyForDeploymentPostprocessing = 0;
			shellPath = /bin/sh;
			shellScript = "\"${SRCROOT}/Pods/Target Support Files/Pods-PCast Demo/Pods-PCast Demo-resources.sh\"\n";
			showEnvVarsInLog = 0;
		};
/* End PBXShellScriptBuildPhase section */

/* Begin PBXSourcesBuildPhase section */
		EDB9E9291D5FBC11000837B9 /* Sources */ = {
			isa = PBXSourcesBuildPhase;
			buildActionMask = 2147483647;
			files = (
				ED5052091D60F5860072D7F2 /* AppDelegate.swift in Sources */,
				BD57886B1E24A2D900176A17 /* Constants.swift in Sources */,
				ED5051FF1D60F4E30072D7F2 /* Backend.swift in Sources */,
				BDAD7EF71DF902D6009B9D46 /* CapabilityPopoverVC.swift in Sources */,
				ED3CF38E1D640A1900CE9E48 /* Phenix.swift in Sources */,
				BD738DDA1E35458A0057AACF /* UIViewExtension.swift in Sources */,
				ED50520A1D60F5860072D7F2 /* ViewController.swift in Sources */,
				BDAE4B621E4C5FE50069DB4C /* ServerLocation.swift in Sources */,
				BD5788611E2487BA00176A17 /* Utilities.swift in Sources */,
				BDCB42A11E4DAAA00024B6D8 /* UserDefaultsExtension.swift in Sources */,
				BD5788651E2497CE00176A17 /* UIColorExtension.swift in Sources */,
				BDA6F5641E5D76BF00EAFE48 /* PhenixAssert.swift in Sources */,
				ED5052001D60F4E30072D7F2 /* Rest.swift in Sources */,
				17628BAF1FA27D06004CA886 /* UIDeviceExtension.swift in Sources */,
				BDF201B01E69355F0017A34E /* PulsingAnimation.swift in Sources */,
				BD5EBE221E485F5000689E09 /* SecretUrlPopoverViewController.swift in Sources */,
			);
			runOnlyForDeploymentPostprocessing = 0;
		};
/* End PBXSourcesBuildPhase section */

/* Begin PBXVariantGroup section */
		ED50520B1D60F5D50072D7F2 /* LaunchScreen.storyboard */ = {
			isa = PBXVariantGroup;
			children = (
				ED50520C1D60F5D50072D7F2 /* Base */,
			);
			name = LaunchScreen.storyboard;
			sourceTree = "<group>";
		};
		ED50520D1D60F5D50072D7F2 /* Main.storyboard */ = {
			isa = PBXVariantGroup;
			children = (
				ED50520E1D60F5D50072D7F2 /* Base */,
			);
			name = Main.storyboard;
			sourceTree = "<group>";
		};
/* End PBXVariantGroup section */

/* Begin XCBuildConfiguration section */
		EDB9E93D1D5FBC11000837B9 /* Debug */ = {
			isa = XCBuildConfiguration;
			buildSettings = {
				ALWAYS_SEARCH_USER_PATHS = NO;
				CLANG_ANALYZER_NONNULL = YES;
				CLANG_CXX_LANGUAGE_STANDARD = "gnu++0x";
				CLANG_CXX_LIBRARY = "libc++";
				CLANG_ENABLE_MODULES = YES;
				CLANG_ENABLE_OBJC_ARC = YES;
				CLANG_WARN_BOOL_CONVERSION = YES;
				CLANG_WARN_CONSTANT_CONVERSION = YES;
				CLANG_WARN_DIRECT_OBJC_ISA_USAGE = YES_ERROR;
				CLANG_WARN_DOCUMENTATION_COMMENTS = YES;
				CLANG_WARN_EMPTY_BODY = YES;
				CLANG_WARN_ENUM_CONVERSION = YES;
				CLANG_WARN_INFINITE_RECURSION = YES;
				CLANG_WARN_INT_CONVERSION = YES;
				CLANG_WARN_OBJC_ROOT_CLASS = YES_ERROR;
				CLANG_WARN_SUSPICIOUS_MOVE = YES;
				CLANG_WARN_SUSPICIOUS_MOVES = YES;
				CLANG_WARN_UNREACHABLE_CODE = YES;
				CLANG_WARN__DUPLICATE_METHOD_MATCH = YES;
				CODE_SIGN_IDENTITY = "iPhone Developer";
				"CODE_SIGN_IDENTITY[sdk=iphoneos*]" = "iPhone Developer";
				COPY_PHASE_STRIP = NO;
				DEBUG_INFORMATION_FORMAT = "dwarf-with-dsym";
				ENABLE_STRICT_OBJC_MSGSEND = YES;
				ENABLE_TESTABILITY = YES;
				GCC_C_LANGUAGE_STANDARD = gnu99;
				GCC_DYNAMIC_NO_PIC = NO;
				GCC_NO_COMMON_BLOCKS = YES;
				GCC_OPTIMIZATION_LEVEL = 0;
				GCC_PREPROCESSOR_DEFINITIONS = (
					"DEBUG=1",
					"$(inherited)",
				);
				GCC_WARN_64_TO_32_BIT_CONVERSION = YES;
				GCC_WARN_ABOUT_RETURN_TYPE = YES_ERROR;
				GCC_WARN_UNDECLARED_SELECTOR = YES;
				GCC_WARN_UNINITIALIZED_AUTOS = YES_AGGRESSIVE;
				GCC_WARN_UNUSED_FUNCTION = YES;
				GCC_WARN_UNUSED_VARIABLE = YES;
				IPHONEOS_DEPLOYMENT_TARGET = 9.3;
				MTL_ENABLE_DEBUG_INFO = YES;
				ONLY_ACTIVE_ARCH = YES;
				SDKROOT = iphoneos;
				SWIFT_ACTIVE_COMPILATION_CONDITIONS = DEBUG;
				SWIFT_OPTIMIZATION_LEVEL = "-Onone";
				TARGETED_DEVICE_FAMILY = "1,2";
				VERSIONING_SYSTEM = "apple-generic";
			};
			name = Debug;
		};
		EDB9E93E1D5FBC11000837B9 /* Release */ = {
			isa = XCBuildConfiguration;
			buildSettings = {
				ALWAYS_SEARCH_USER_PATHS = NO;
				CLANG_ANALYZER_NONNULL = YES;
				CLANG_CXX_LANGUAGE_STANDARD = "gnu++0x";
				CLANG_CXX_LIBRARY = "libc++";
				CLANG_ENABLE_MODULES = YES;
				CLANG_ENABLE_OBJC_ARC = YES;
				CLANG_WARN_BOOL_CONVERSION = YES;
				CLANG_WARN_CONSTANT_CONVERSION = YES;
				CLANG_WARN_DIRECT_OBJC_ISA_USAGE = YES_ERROR;
				CLANG_WARN_DOCUMENTATION_COMMENTS = YES;
				CLANG_WARN_EMPTY_BODY = YES;
				CLANG_WARN_ENUM_CONVERSION = YES;
				CLANG_WARN_INFINITE_RECURSION = YES;
				CLANG_WARN_INT_CONVERSION = YES;
				CLANG_WARN_OBJC_ROOT_CLASS = YES_ERROR;
				CLANG_WARN_SUSPICIOUS_MOVE = YES;
				CLANG_WARN_SUSPICIOUS_MOVES = YES;
				CLANG_WARN_UNREACHABLE_CODE = YES;
				CLANG_WARN__DUPLICATE_METHOD_MATCH = YES;
				CODE_SIGN_IDENTITY = "iPhone Developer";
				"CODE_SIGN_IDENTITY[sdk=iphoneos*]" = "iPhone Developer";
				COPY_PHASE_STRIP = NO;
				DEBUG_INFORMATION_FORMAT = "dwarf-with-dsym";
				ENABLE_NS_ASSERTIONS = NO;
				ENABLE_STRICT_OBJC_MSGSEND = YES;
				ENABLE_TESTABILITY = YES;
				GCC_C_LANGUAGE_STANDARD = gnu99;
				GCC_NO_COMMON_BLOCKS = YES;
				GCC_WARN_64_TO_32_BIT_CONVERSION = YES;
				GCC_WARN_ABOUT_RETURN_TYPE = YES_ERROR;
				GCC_WARN_UNDECLARED_SELECTOR = YES;
				GCC_WARN_UNINITIALIZED_AUTOS = YES_AGGRESSIVE;
				GCC_WARN_UNUSED_FUNCTION = YES;
				GCC_WARN_UNUSED_VARIABLE = YES;
				IPHONEOS_DEPLOYMENT_TARGET = 9.3;
				MTL_ENABLE_DEBUG_INFO = NO;
				SDKROOT = iphoneos;
				SWIFT_OPTIMIZATION_LEVEL = "-Owholemodule";
				TARGETED_DEVICE_FAMILY = "1,2";
				VALIDATE_PRODUCT = YES;
				VERSIONING_SYSTEM = "apple-generic";
			};
			name = Release;
		};
		EDB9E9401D5FBC11000837B9 /* Debug */ = {
			isa = XCBuildConfiguration;
			baseConfigurationReference = A94AAD6FDBDC7970A81115AB /* Pods-PCast Demo.debug.xcconfig */;
			buildSettings = {
				ASSETCATALOG_COMPILER_APPICON_NAME = AppIcon;
				CODE_SIGN_IDENTITY = "iPhone Developer";
				CODE_SIGN_STYLE = Manual;
				DEVELOPMENT_TEAM = "";
				ENABLE_BITCODE = NO;
				FRAMEWORK_SEARCH_PATHS = (
					"$(inherited)",
					"$(PROJECT_DIR)/iOSSDK/lib/iPhoneOS",
				);
				HEADER_SEARCH_PATHS = (
					"$(inherited)",
					"$(PROJECT_DIR)/iOSSDK/lib/iPhoneOS/PhenixSdk.framework/Headers/**",
				);
				INFOPLIST_FILE = "$(SRCROOT)/Info.plist";
				IPHONEOS_DEPLOYMENT_TARGET = 9.0;
				LD_RUNPATH_SEARCH_PATHS = "$(inherited) @executable_path/Frameworks";
				LIBRARY_SEARCH_PATHS = "$(inherited)";
				ONLY_ACTIVE_ARCH = YES;
				OTHER_LDFLAGS = "$(inherited)";
				PRODUCT_BUNDLE_IDENTIFIER = "com.phenixrts.PCast-Demo-App";
				PRODUCT_NAME = "$(TARGET_NAME)";
				PROVISIONING_PROFILE = "";
				PROVISIONING_PROFILE_SPECIFIER = "";
				"SWIFT_OBJC_BRIDGING_HEADER[arch=*]" = "Bridging-Header.h";
				SWIFT_REFLECTION_METADATA_LEVEL = none;
				SWIFT_VERSION = 3.0;
				VERSIONING_SYSTEM = "apple-generic";
			};
			name = Debug;
		};
		EDB9E9411D5FBC11000837B9 /* Release */ = {
			isa = XCBuildConfiguration;
			baseConfigurationReference = 6FD9D5B9F3F52C29F44415D0 /* Pods-PCast Demo.release.xcconfig */;
			buildSettings = {
				ASSETCATALOG_COMPILER_APPICON_NAME = AppIcon;
				CODE_SIGN_IDENTITY = "iPhone Developer";
				CODE_SIGN_STYLE = Manual;
				DEVELOPMENT_TEAM = "";
				ENABLE_BITCODE = NO;
				FRAMEWORK_SEARCH_PATHS = (
					"$(inherited)",
					"$(PROJECT_DIR)/iOSSDK/lib/iPhoneOS",
				);
				HEADER_SEARCH_PATHS = (
					"$(inherited)",
					"$(PROJECT_DIR)/iOSSDK/lib/iPhoneOS/PhenixSdk.framework/Headers/**",
				);
				INFOPLIST_FILE = "$(SRCROOT)/Info.plist";
				IPHONEOS_DEPLOYMENT_TARGET = 9.0;
				LD_RUNPATH_SEARCH_PATHS = "$(inherited) @executable_path/Frameworks";
				LIBRARY_SEARCH_PATHS = "$(inherited)";
				OTHER_LDFLAGS = "$(inherited)";
				PRODUCT_BUNDLE_IDENTIFIER = "com.phenixrts.PCast-Demo-App";
				PRODUCT_NAME = "$(TARGET_NAME)";
				PROVISIONING_PROFILE = "";
				PROVISIONING_PROFILE_SPECIFIER = "";
				"SWIFT_OBJC_BRIDGING_HEADER[arch=*]" = "Bridging-Header.h";
				SWIFT_REFLECTION_METADATA_LEVEL = none;
				SWIFT_VERSION = 3.0;
				VERSIONING_SYSTEM = "apple-generic";
			};
			name = Release;
		};
/* End XCBuildConfiguration section */

/* Begin XCConfigurationList section */
		EDB9E9281D5FBC11000837B9 /* Build configuration list for PBXProject "PCastDemo" */ = {
			isa = XCConfigurationList;
			buildConfigurations = (
				EDB9E93D1D5FBC11000837B9 /* Debug */,
				EDB9E93E1D5FBC11000837B9 /* Release */,
			);
			defaultConfigurationIsVisible = 0;
			defaultConfigurationName = Release;
		};
		EDB9E93F1D5FBC11000837B9 /* Build configuration list for PBXNativeTarget "PCast Demo" */ = {
			isa = XCConfigurationList;
			buildConfigurations = (
				EDB9E9401D5FBC11000837B9 /* Debug */,
				EDB9E9411D5FBC11000837B9 /* Release */,
			);
			defaultConfigurationIsVisible = 0;
			defaultConfigurationName = Release;
		};
/* End XCConfigurationList section */
	};
	rootObject = EDB9E9251D5FBC11000837B9 /* Project object */;
}
